{
  "name": "fup-partial-core",
  "version": "1.0.0",
  "lockfileVersion": 1,
  "requires": true,
  "dependencies": {
    "fup-tuple-consistent-type": {
      "version": "1.0.1",
      "resolved": "https://registry.npmjs.org/fup-tuple-consistent-type/-/fup-tuple-consistent-type-1.0.1.tgz",
      "integrity": "sha512-oBpqymDCckR6/yydHQ9Bu+ahBrU6mBQxjRs6gAiaBgONSzAfBxHSHoIXTN3JB0+WsQ6A4BVuYxIn4a3vU9ZV8g=="
    },
    "fup-tuple-impact-type": {
      "version": "1.0.0",
      "resolved": "https://registry.npmjs.org/fup-tuple-impact-type/-/fup-tuple-impact-type-1.0.0.tgz",
      "integrity": "sha512-WsiqpPHUdpfOj0WuQz38o7o6V8cYNwzM0z0I8BgGRNJfL0p7x7ZOM5KntP7kQ2IimLEMz+JOBGmGDDcWTd2X5g=="
    }
  }
}
